// !$*UTF8*$!
{
	archiveVersion = 1;
	classes = {
	};
	objectVersion = 52;
	objects = {

/* Begin PBXBuildFile section */
		83B8E67123A2F737001A1668 /* LaunchKit in Frameworks */ = {isa = PBXBuildFile; productRef = 83B8E67023A2F737001A1668 /* LaunchKit */; };
		83CF58FC23A01499005D7CB9 /* AppDelegate.swift in Sources */ = {isa = PBXBuildFile; fileRef = 83CF58FB23A01499005D7CB9 /* AppDelegate.swift */; };
		83CF58FE23A01499005D7CB9 /* SceneDelegate.swift in Sources */ = {isa = PBXBuildFile; fileRef = 83CF58FD23A01499005D7CB9 /* SceneDelegate.swift */; };
		83CF590023A01499005D7CB9 /* ContentView.swift in Sources */ = {isa = PBXBuildFile; fileRef = 83CF58FF23A01499005D7CB9 /* ContentView.swift */; };
		83CF590223A0149A005D7CB9 /* Assets.xcassets in Resources */ = {isa = PBXBuildFile; fileRef = 83CF590123A0149A005D7CB9 /* Assets.xcassets */; };
		83CF590523A0149A005D7CB9 /* Preview Assets.xcassets in Resources */ = {isa = PBXBuildFile; fileRef = 83CF590423A0149A005D7CB9 /* Preview Assets.xcassets */; };
		83CF590823A0149A005D7CB9 /* LaunchScreen.storyboard in Resources */ = {isa = PBXBuildFile; fileRef = 83CF590623A0149A005D7CB9 /* LaunchScreen.storyboard */; };
		83CF591323A0149B005D7CB9 /* Mobiquity_InterviewTests.swift in Sources */ = {isa = PBXBuildFile; fileRef = 83CF591223A0149B005D7CB9 /* Mobiquity_InterviewTests.swift */; };
/* End PBXBuildFile section */

/* Begin PBXContainerItemProxy section */
		83CF590F23A0149B005D7CB9 /* PBXContainerItemProxy */ = {
			isa = PBXContainerItemProxy;
			containerPortal = 83CF58F023A01498005D7CB9 /* Project object */;
			proxyType = 1;
			remoteGlobalIDString = 83CF58F723A01498005D7CB9;
			remoteInfo = "Mobiquity Interview";
		};
/* End PBXContainerItemProxy section */

/* Begin PBXCopyFilesBuildPhase section */
		83B8E66E23A2F19B001A1668 /* Embed Frameworks */ = {
			isa = PBXCopyFilesBuildPhase;
			buildActionMask = 2147483647;
			dstPath = "";
			dstSubfolderSpec = 10;
			files = (
			);
			name = "Embed Frameworks";
			runOnlyForDeploymentPostprocessing = 0;
		};
/* End PBXCopyFilesBuildPhase section */

/* Begin PBXFileReference section */
		83B8E66F23A2F5C7001A1668 /* LaunchKit */ = {isa = PBXFileReference; lastKnownFileType = folder; path = LaunchKit; sourceTree = "<group>"; };
		83CF58F823A01499005D7CB9 /* Mobiquity Interview.app */ = {isa = PBXFileReference; explicitFileType = wrapper.application; includeInIndex = 0; path = "Mobiquity Interview.app"; sourceTree = BUILT_PRODUCTS_DIR; };
		83CF58FB23A01499005D7CB9 /* AppDelegate.swift */ = {isa = PBXFileReference; lastKnownFileType = sourcecode.swift; path = AppDelegate.swift; sourceTree = "<group>"; };
		83CF58FD23A01499005D7CB9 /* SceneDelegate.swift */ = {isa = PBXFileReference; lastKnownFileType = sourcecode.swift; path = SceneDelegate.swift; sourceTree = "<group>"; };
		83CF58FF23A01499005D7CB9 /* ContentView.swift */ = {isa = PBXFileReference; lastKnownFileType = sourcecode.swift; path = ContentView.swift; sourceTree = "<group>"; };
		83CF590123A0149A005D7CB9 /* Assets.xcassets */ = {isa = PBXFileReference; lastKnownFileType = folder.assetcatalog; path = Assets.xcassets; sourceTree = "<group>"; };
		83CF590423A0149A005D7CB9 /* Preview Assets.xcassets */ = {isa = PBXFileReference; lastKnownFileType = folder.assetcatalog; path = "Preview Assets.xcassets"; sourceTree = "<group>"; };
		83CF590723A0149A005D7CB9 /* Base */ = {isa = PBXFileReference; lastKnownFileType = file.storyboard; name = Base; path = Base.lproj/LaunchScreen.storyboard; sourceTree = "<group>"; };
		83CF590923A0149A005D7CB9 /* Info.plist */ = {isa = PBXFileReference; lastKnownFileType = text.plist.xml; path = Info.plist; sourceTree = "<group>"; };
		83CF590E23A0149B005D7CB9 /* Mobiquity InterviewTests.xctest */ = {isa = PBXFileReference; explicitFileType = wrapper.cfbundle; includeInIndex = 0; path = "Mobiquity InterviewTests.xctest"; sourceTree = BUILT_PRODUCTS_DIR; };
		83CF591223A0149B005D7CB9 /* Mobiquity_InterviewTests.swift */ = {isa = PBXFileReference; lastKnownFileType = sourcecode.swift; path = Mobiquity_InterviewTests.swift; sourceTree = "<group>"; };
		83CF591423A0149B005D7CB9 /* Info.plist */ = {isa = PBXFileReference; lastKnownFileType = text.plist.xml; path = Info.plist; sourceTree = "<group>"; };
/* End PBXFileReference section */

/* Begin PBXFrameworksBuildPhase section */
		83CF58F523A01498005D7CB9 /* Frameworks */ = {
			isa = PBXFrameworksBuildPhase;
			buildActionMask = 2147483647;
			files = (
				83B8E67123A2F737001A1668 /* LaunchKit in Frameworks */,
			);
			runOnlyForDeploymentPostprocessing = 0;
		};
		83CF590B23A0149B005D7CB9 /* Frameworks */ = {
			isa = PBXFrameworksBuildPhase;
			buildActionMask = 2147483647;
			files = (
			);
			runOnlyForDeploymentPostprocessing = 0;
		};
/* End PBXFrameworksBuildPhase section */

/* Begin PBXGroup section */
		83B8E66B23A2F19B001A1668 /* Frameworks */ = {
			isa = PBXGroup;
			children = (
			);
			name = Frameworks;
			sourceTree = "<group>";
		};
		83CF58EF23A01498005D7CB9 = {
			isa = PBXGroup;
			children = (
				83B8E66F23A2F5C7001A1668 /* LaunchKit */,
				83CF58FA23A01499005D7CB9 /* Mobiquity Interview */,
				83CF591123A0149B005D7CB9 /* Mobiquity InterviewTests */,
				83CF58F923A01499005D7CB9 /* Products */,
				83B8E66B23A2F19B001A1668 /* Frameworks */,
			);
			sourceTree = "<group>";
		};
		83CF58F923A01499005D7CB9 /* Products */ = {
			isa = PBXGroup;
			children = (
				83CF58F823A01499005D7CB9 /* Mobiquity Interview.app */,
				83CF590E23A0149B005D7CB9 /* Mobiquity InterviewTests.xctest */,
			);
			name = Products;
			sourceTree = "<group>";
		};
		83CF58FA23A01499005D7CB9 /* Mobiquity Interview */ = {
			isa = PBXGroup;
			children = (
				83CF58FB23A01499005D7CB9 /* AppDelegate.swift */,
				83CF58FD23A01499005D7CB9 /* SceneDelegate.swift */,
				83CF58FF23A01499005D7CB9 /* ContentView.swift */,
				83CF590123A0149A005D7CB9 /* Assets.xcassets */,
				83CF590623A0149A005D7CB9 /* LaunchScreen.storyboard */,
				83CF590923A0149A005D7CB9 /* Info.plist */,
				83CF590323A0149A005D7CB9 /* Preview Content */,
			);
			path = "Mobiquity Interview";
			sourceTree = "<group>";
		};
		83CF590323A0149A005D7CB9 /* Preview Content */ = {
			isa = PBXGroup;
			children = (
				83CF590423A0149A005D7CB9 /* Preview Assets.xcassets */,
			);
			path = "Preview Content";
			sourceTree = "<group>";
		};
		83CF591123A0149B005D7CB9 /* Mobiquity InterviewTests */ = {
			isa = PBXGroup;
			children = (
				83CF591223A0149B005D7CB9 /* Mobiquity_InterviewTests.swift */,
				83CF591423A0149B005D7CB9 /* Info.plist */,
			);
			path = "Mobiquity InterviewTests";
			sourceTree = "<group>";
		};
/* End PBXGroup section */

/* Begin PBXNativeTarget section */
		83CF58F723A01498005D7CB9 /* Mobiquity Interview */ = {
			isa = PBXNativeTarget;
			buildConfigurationList = 83CF591723A0149B005D7CB9 /* Build configuration list for PBXNativeTarget "Mobiquity Interview" */;
			buildPhases = (
				83CF58F423A01498005D7CB9 /* Sources */,
				83CF58F523A01498005D7CB9 /* Frameworks */,
				83CF58F623A01498005D7CB9 /* Resources */,
				83B8E66E23A2F19B001A1668 /* Embed Frameworks */,
				83B8E67223A408FF001A1668 /* Swiftlint */,
			);
			buildRules = (
			);
			dependencies = (
			);
			name = "Mobiquity Interview";
			packageProductDependencies = (
				83B8E67023A2F737001A1668 /* LaunchKit */,
			);
			productName = "Mobiquity Interview";
			productReference = 83CF58F823A01499005D7CB9 /* Mobiquity Interview.app */;
			productType = "com.apple.product-type.application";
		};
		83CF590D23A0149B005D7CB9 /* Mobiquity InterviewTests */ = {
			isa = PBXNativeTarget;
			buildConfigurationList = 83CF591A23A0149B005D7CB9 /* Build configuration list for PBXNativeTarget "Mobiquity InterviewTests" */;
			buildPhases = (
				83CF590A23A0149B005D7CB9 /* Sources */,
				83CF590B23A0149B005D7CB9 /* Frameworks */,
				83CF590C23A0149B005D7CB9 /* Resources */,
			);
			buildRules = (
			);
			dependencies = (
				83CF591023A0149B005D7CB9 /* PBXTargetDependency */,
			);
			name = "Mobiquity InterviewTests";
			productName = "Mobiquity InterviewTests";
			productReference = 83CF590E23A0149B005D7CB9 /* Mobiquity InterviewTests.xctest */;
			productType = "com.apple.product-type.bundle.unit-test";
		};
/* End PBXNativeTarget section */

/* Begin PBXProject section */
		83CF58F023A01498005D7CB9 /* Project object */ = {
			isa = PBXProject;
			attributes = {
				LastSwiftUpdateCheck = 1120;
				LastUpgradeCheck = 1120;
				ORGANIZATIONNAME = "Mobiquity Inc";
				TargetAttributes = {
					83CF58F723A01498005D7CB9 = {
						CreatedOnToolsVersion = 11.2;
					};
					83CF590D23A0149B005D7CB9 = {
						CreatedOnToolsVersion = 11.2;
						TestTargetID = 83CF58F723A01498005D7CB9;
					};
				};
			};
			buildConfigurationList = 83CF58F323A01498005D7CB9 /* Build configuration list for PBXProject "Mobiquity Interview" */;
			compatibilityVersion = "Xcode 9.3";
			developmentRegion = en;
			hasScannedForEncodings = 0;
			knownRegions = (
				en,
				Base,
			);
			mainGroup = 83CF58EF23A01498005D7CB9;
			productRefGroup = 83CF58F923A01499005D7CB9 /* Products */;
			projectDirPath = "";
			projectRoot = "";
			targets = (
				83CF58F723A01498005D7CB9 /* Mobiquity Interview */,
				83CF590D23A0149B005D7CB9 /* Mobiquity InterviewTests */,
			);
		};
/* End PBXProject section */

/* Begin PBXResourcesBuildPhase section */
		83CF58F623A01498005D7CB9 /* Resources */ = {
			isa = PBXResourcesBuildPhase;
			buildActionMask = 2147483647;
			files = (
				83CF590823A0149A005D7CB9 /* LaunchScreen.storyboard in Resources */,
				83CF590523A0149A005D7CB9 /* Preview Assets.xcassets in Resources */,
				83CF590223A0149A005D7CB9 /* Assets.xcassets in Resources */,
			);
			runOnlyForDeploymentPostprocessing = 0;
		};
		83CF590C23A0149B005D7CB9 /* Resources */ = {
			isa = PBXResourcesBuildPhase;
			buildActionMask = 2147483647;
			files = (
			);
			runOnlyForDeploymentPostprocessing = 0;
		};
/* End PBXResourcesBuildPhase section */

/* Begin PBXShellScriptBuildPhase section */
		83B8E67223A408FF001A1668 /* Swiftlint */ = {
			isa = PBXShellScriptBuildPhase;
			buildActionMask = 2147483647;
			files = (
			);
			inputFileListPaths = (
			);
			inputPaths = (
			);
			name = Swiftlint;
			outputFileListPaths = (
			);
			outputPaths = (
			);
			runOnlyForDeploymentPostprocessing = 0;
			shellPath = /bin/sh;
			shellScript = "if which swiftlint >/dev/null; then\n  swiftlint\nelse\n  echo \"warning: SwiftLint not installed, download from https://github.com/realm/SwiftLint\"\nfi\n";
		};
/* End PBXShellScriptBuildPhase section */

/* Begin PBXSourcesBuildPhase section */
		83CF58F423A01498005D7CB9 /* Sources */ = {
			isa = PBXSourcesBuildPhase;
			buildActionMask = 2147483647;
			files = (
				83CF58FC23A01499005D7CB9 /* AppDelegate.swift in Sources */,
				83CF58FE23A01499005D7CB9 /* SceneDelegate.swift in Sources */,
				83CF590023A01499005D7CB9 /* ContentView.swift in Sources */,
			);
			runOnlyForDeploymentPostprocessing = 0;
		};
		83CF590A23A0149B005D7CB9 /* Sources */ = {
			isa = PBXSourcesBuildPhase;
			buildActionMask = 2147483647;
			files = (
				83CF591323A0149B005D7CB9 /* Mobiquity_InterviewTests.swift in Sources */,
			);
			runOnlyForDeploymentPostprocessing = 0;
		};
/* End PBXSourcesBuildPhase section */

/* Begin PBXTargetDependency section */
		83CF591023A0149B005D7CB9 /* PBXTargetDependency */ = {
			isa = PBXTargetDependency;
			target = 83CF58F723A01498005D7CB9 /* Mobiquity Interview */;
			targetProxy = 83CF590F23A0149B005D7CB9 /* PBXContainerItemProxy */;
		};
/* End PBXTargetDependency section */

/* Begin PBXVariantGroup section */
		83CF590623A0149A005D7CB9 /* LaunchScreen.storyboard */ = {
			isa = PBXVariantGroup;
			children = (
				83CF590723A0149A005D7CB9 /* Base */,
			);
			name = LaunchScreen.storyboard;
			sourceTree = "<group>";
		};
/* End PBXVariantGroup section */

/* Begin XCBuildConfiguration section */
		83CF591523A0149B005D7CB9 /* Debug */ = {
			isa = XCBuildConfiguration;
			buildSettings = {
				ALWAYS_SEARCH_USER_PATHS = NO;
				CLANG_ANALYZER_NONNULL = YES;
				CLANG_ANALYZER_NUMBER_OBJECT_CONVERSION = YES_AGGRESSIVE;
				CLANG_CXX_LANGUAGE_STANDARD = "gnu++14";
				CLANG_CXX_LIBRARY = "libc++";
				CLANG_ENABLE_MODULES = YES;
				CLANG_ENABLE_OBJC_ARC = YES;
				CLANG_ENABLE_OBJC_WEAK = YES;
				CLANG_WARN_BLOCK_CAPTURE_AUTORELEASING = YES;
				CLANG_WARN_BOOL_CONVERSION = YES;
				CLANG_WARN_COMMA = YES;
				CLANG_WARN_CONSTANT_CONVERSION = YES;
				CLANG_WARN_DEPRECATED_OBJC_IMPLEMENTATIONS = YES;
				CLANG_WARN_DIRECT_OBJC_ISA_USAGE = YES_ERROR;
				CLANG_WARN_DOCUMENTATION_COMMENTS = YES;
				CLANG_WARN_EMPTY_BODY = YES;
				CLANG_WARN_ENUM_CONVERSION = YES;
				CLANG_WARN_INFINITE_RECURSION = YES;
				CLANG_WARN_INT_CONVERSION = YES;
				CLANG_WARN_NON_LITERAL_NULL_CONVERSION = YES;
				CLANG_WARN_OBJC_IMPLICIT_RETAIN_SELF = YES;
				CLANG_WARN_OBJC_LITERAL_CONVERSION = YES;
				CLANG_WARN_OBJC_ROOT_CLASS = YES_ERROR;
				CLANG_WARN_RANGE_LOOP_ANALYSIS = YES;
				CLANG_WARN_STRICT_PROTOTYPES = YES;
				CLANG_WARN_SUSPICIOUS_MOVE = YES;
				CLANG_WARN_UNGUARDED_AVAILABILITY = YES_AGGRESSIVE;
				CLANG_WARN_UNREACHABLE_CODE = YES;
				CLANG_WARN__DUPLICATE_METHOD_MATCH = YES;
				COPY_PHASE_STRIP = NO;
				DEBUG_INFORMATION_FORMAT = dwarf;
				ENABLE_STRICT_OBJC_MSGSEND = YES;
				ENABLE_TESTABILITY = YES;
				GCC_C_LANGUAGE_STANDARD = gnu11;
				GCC_DYNAMIC_NO_PIC = NO;
				GCC_NO_COMMON_BLOCKS = YES;
				GCC_OPTIMIZATION_LEVEL = 0;
				GCC_PREPROCESSOR_DEFINITIONS = (
					"DEBUG=1",
					"$(inherited)",
				);
				GCC_WARN_64_TO_32_BIT_CONVERSION = YES;
				GCC_WARN_ABOUT_RETURN_TYPE = YES_ERROR;
				GCC_WARN_UNDECLARED_SELECTOR = YES;
				GCC_WARN_UNINITIALIZED_AUTOS = YES_AGGRESSIVE;
				GCC_WARN_UNUSED_FUNCTION = YES;
				GCC_WARN_UNUSED_VARIABLE = YES;
				IPHONEOS_DEPLOYMENT_TARGET = 13.2;
				MTL_ENABLE_DEBUG_INFO = INCLUDE_SOURCE;
				MTL_FAST_MATH = YES;
				ONLY_ACTIVE_ARCH = YES;
				SDKROOT = iphoneos;
				SWIFT_ACTIVE_COMPILATION_CONDITIONS = DEBUG;
				SWIFT_OPTIMIZATION_LEVEL = "-Onone";
			};
			name = Debug;
		};
		83CF591623A0149B005D7CB9 /* Release */ = {
			isa = XCBuildConfiguration;
			buildSettings = {
				ALWAYS_SEARCH_USER_PATHS = NO;
				CLANG_ANALYZER_NONNULL = YES;
				CLANG_ANALYZER_NUMBER_OBJECT_CONVERSION = YES_AGGRESSIVE;
				CLANG_CXX_LANGUAGE_STANDARD = "gnu++14";
				CLANG_CXX_LIBRARY = "libc++";
				CLANG_ENABLE_MODULES = YES;
				CLANG_ENABLE_OBJC_ARC = YES;
				CLANG_ENABLE_OBJC_WEAK = YES;
				CLANG_WARN_BLOCK_CAPTURE_AUTORELEASING = YES;
				CLANG_WARN_BOOL_CONVERSION = YES;
				CLANG_WARN_COMMA = YES;
				CLANG_WARN_CONSTANT_CONVERSION = YES;
				CLANG_WARN_DEPRECATED_OBJC_IMPLEMENTATIONS = YES;
				CLANG_WARN_DIRECT_OBJC_ISA_USAGE = YES_ERROR;
				CLANG_WARN_DOCUMENTATION_COMMENTS = YES;
				CLANG_WARN_EMPTY_BODY = YES;
				CLANG_WARN_ENUM_CONVERSION = YES;
				CLANG_WARN_INFINITE_RECURSION = YES;
				CLANG_WARN_INT_CONVERSION = YES;
				CLANG_WARN_NON_LITERAL_NULL_CONVERSION = YES;
				CLANG_WARN_OBJC_IMPLICIT_RETAIN_SELF = YES;
				CLANG_WARN_OBJC_LITERAL_CONVERSION = YES;
				CLANG_WARN_OBJC_ROOT_CLASS = YES_ERROR;
				CLANG_WARN_RANGE_LOOP_ANALYSIS = YES;
				CLANG_WARN_STRICT_PROTOTYPES = YES;
				CLANG_WARN_SUSPICIOUS_MOVE = YES;
				CLANG_WARN_UNGUARDED_AVAILABILITY = YES_AGGRESSIVE;
				CLANG_WARN_UNREACHABLE_CODE = YES;
				CLANG_WARN__DUPLICATE_METHOD_MATCH = YES;
				COPY_PHASE_STRIP = NO;
				DEBUG_INFORMATION_FORMAT = "dwarf-with-dsym";
				ENABLE_NS_ASSERTIONS = NO;
				ENABLE_STRICT_OBJC_MSGSEND = YES;
				GCC_C_LANGUAGE_STANDARD = gnu11;
				GCC_NO_COMMON_BLOCKS = YES;
				GCC_WARN_64_TO_32_BIT_CONVERSION = YES;
				GCC_WARN_ABOUT_RETURN_TYPE = YES_ERROR;
				GCC_WARN_UNDECLARED_SELECTOR = YES;
				GCC_WARN_UNINITIALIZED_AUTOS = YES_AGGRESSIVE;
				GCC_WARN_UNUSED_FUNCTION = YES;
				GCC_WARN_UNUSED_VARIABLE = YES;
				IPHONEOS_DEPLOYMENT_TARGET = 13.2;
				MTL_ENABLE_DEBUG_INFO = NO;
				MTL_FAST_MATH = YES;
				SDKROOT = iphoneos;
				SWIFT_COMPILATION_MODE = wholemodule;
				SWIFT_OPTIMIZATION_LEVEL = "-O";
				VALIDATE_PRODUCT = YES;
			};
			name = Release;
		};
		83CF591823A0149B005D7CB9 /* Debug */ = {
			isa = XCBuildConfiguration;
			buildSettings = {
				ASSETCATALOG_COMPILER_APPICON_NAME = AppIcon;
				CODE_SIGN_STYLE = Automatic;
				DEVELOPMENT_ASSET_PATHS = "\"Mobiquity Interview/Preview Content\"";
				DEVELOPMENT_TEAM = GS86NCENM6;
				ENABLE_PREVIEWS = YES;
				INFOPLIST_FILE = "Mobiquity Interview/Info.plist";
				LD_RUNPATH_SEARCH_PATHS = (
					"$(inherited)",
					"@executable_path/Frameworks",
				);
				PRODUCT_BUNDLE_IDENTIFIER = "com.mobiquityinc.Mobiquity-Interview";
				PRODUCT_NAME = "$(TARGET_NAME)";
				SWIFT_VERSION = 5.0;
				TARGETED_DEVICE_FAMILY = "1,2";
			};
			name = Debug;
		};
		83CF591923A0149B005D7CB9 /* Release */ = {
			isa = XCBuildConfiguration;
			buildSettings = {
				ASSETCATALOG_COMPILER_APPICON_NAME = AppIcon;
				CODE_SIGN_STYLE = Automatic;
				DEVELOPMENT_ASSET_PATHS = "\"Mobiquity Interview/Preview Content\"";
				DEVELOPMENT_TEAM = GS86NCENM6;
				ENABLE_PREVIEWS = YES;
				INFOPLIST_FILE = "Mobiquity Interview/Info.plist";
				LD_RUNPATH_SEARCH_PATHS = (
					"$(inherited)",
					"@executable_path/Frameworks",
				);
				PRODUCT_BUNDLE_IDENTIFIER = "com.mobiquityinc.Mobiquity-Interview";
				PRODUCT_NAME = "$(TARGET_NAME)";
				SWIFT_VERSION = 5.0;
				TARGETED_DEVICE_FAMILY = "1,2";
			};
			name = Release;
		};
		83CF591B23A0149B005D7CB9 /* Debug */ = {
			isa = XCBuildConfiguration;
			buildSettings = {
				ALWAYS_EMBED_SWIFT_STANDARD_LIBRARIES = YES;
				BUNDLE_LOADER = "$(TEST_HOST)";
				CODE_SIGN_STYLE = Automatic;
				DEVELOPMENT_TEAM = GS86NCENM6;
				INFOPLIST_FILE = "Mobiquity InterviewTests/Info.plist";
				IPHONEOS_DEPLOYMENT_TARGET = 13.2;
				LD_RUNPATH_SEARCH_PATHS = (
					"$(inherited)",
					"@executable_path/Frameworks",
					"@loader_path/Frameworks",
				);
				PRODUCT_BUNDLE_IDENTIFIER = "com.mobiquityinc.Mobiquity-InterviewTests";
				PRODUCT_NAME = "$(TARGET_NAME)";
				SWIFT_VERSION = 5.0;
				TARGETED_DEVICE_FAMILY = "1,2";
				TEST_HOST = "$(BUILT_PRODUCTS_DIR)/Mobiquity Interview.app/Mobiquity Interview";
			};
			name = Debug;
		};
		83CF591C23A0149B005D7CB9 /* Release */ = {
			isa = XCBuildConfiguration;
			buildSettings = {
				ALWAYS_EMBED_SWIFT_STANDARD_LIBRARIES = YES;
				BUNDLE_LOADER = "$(TEST_HOST)";
				CODE_SIGN_STYLE = Automatic;
				DEVELOPMENT_TEAM = GS86NCENM6;
				INFOPLIST_FILE = "Mobiquity InterviewTests/Info.plist";
				IPHONEOS_DEPLOYMENT_TARGET = 13.2;
				LD_RUNPATH_SEARCH_PATHS = (
					"$(inherited)",
					"@executable_path/Frameworks",
					"@loader_path/Frameworks",
				);
				PRODUCT_BUNDLE_IDENTIFIER = "com.mobiquityinc.Mobiquity-InterviewTests";
				PRODUCT_NAME = "$(TARGET_NAME)";
				SWIFT_VERSION = 5.0;
				TARGETED_DEVICE_FAMILY = "1,2";
				TEST_HOST = "$(BUILT_PRODUCTS_DIR)/Mobiquity Interview.app/Mobiquity Interview";
			};
			name = Release;
		};
/* End XCBuildConfiguration section */

/* Begin XCConfigurationList section */
		83CF58F323A01498005D7CB9 /* Build configuration list for PBXProject "Mobiquity Interview" */ = {
			isa = XCConfigurationList;
			buildConfigurations = (
				83CF591523A0149B005D7CB9 /* Debug */,
				83CF591623A0149B005D7CB9 /* Release */,
			);
			defaultConfigurationIsVisible = 0;
			defaultConfigurationName = Release;
		};
		83CF591723A0149B005D7CB9 /* Build configuration list for PBXNativeTarget "Mobiquity Interview" */ = {
			isa = XCConfigurationList;
			buildConfigurations = (
				83CF591823A0149B005D7CB9 /* Debug */,
				83CF591923A0149B005D7CB9 /* Release */,
			);
			defaultConfigurationIsVisible = 0;
			defaultConfigurationName = Release;
		};
		83CF591A23A0149B005D7CB9 /* Build configuration list for PBXNativeTarget "Mobiquity InterviewTests" */ = {
			isa = XCConfigurationList;
			buildConfigurations = (
				83CF591B23A0149B005D7CB9 /* Debug */,
				83CF591C23A0149B005D7CB9 /* Release */,
			);
			defaultConfigurationIsVisible = 0;
			defaultConfigurationName = Release;
		};
/* End XCConfigurationList section */

/* Begin XCSwiftPackageProductDependency section */
		83B8E67023A2F737001A1668 /* LaunchKit */ = {
			isa = XCSwiftPackageProductDependency;
			productName = LaunchKit;
		};
/* End XCSwiftPackageProductDependency section */
	};
	rootObject = 83CF58F023A01498005D7CB9 /* Project object */;
}
